
Microsoft Visual Studio Solution File, Format Version 12.00
# Visual Studio Version 16
VisualStudioVersion = 16.0.33328.57
MinimumVisualStudioVersion = 10.0.40219.1
Project("{FAE04EC0-301F-11D3-BF4B-00C04F79EFBC}") = "LibrarySystem.WPF", "LibrarySystem.WPF\LibrarySystem.WPF.csproj", "{0BE3B91D-9406-4DFD-8785-34BA5DC6C5EA}"
EndProject
Project("{FAE04EC0-301F-11D3-BF4B-00C04F79EFBC}") = "LibrarySystem.EntityFramework", "LibrarySystem.EntityFramework\LibrarySystem.EntityFramework.csproj", "{5FE9AFD3-8EAA-4225-8996-A8EAADA69D0E}"
EndProject
Project("{FAE04EC0-301F-11D3-BF4B-00C04F79EFBC}") = "LibrarySystem.Domain", "LibrarySystem.Domain\LibrarySystem.Domain.csproj", "{E4CBBC59-1B52-4B6B-9FEB-27BD810AA733}"
EndProject
Project("{FAE04EC0-301F-11D3-BF4B-00C04F79EFBC}") = "DataMangment", "DataMangment\DataMangment.csproj", "{B15C40A1-7FD9-4E7A-8CDD-AE1BE0428D9E}"
EndProject
Project("{FAE04EC0-301F-11D3-BF4B-00C04F79EFBC}") = "LibrarySystem.UnitTests", "LibrarySystem.UnitTests\LibrarySystem.UnitTests.csproj", "{8E441571-45CB-4306-9790-C0E374F5D3D0}"
EndProject
Project("{FAE04EC0-301F-11D3-BF4B-00C04F79EFBC}") = "LibrarySystem.Service", "LibrarySystem.Service\LibrarySystem.Service.csproj", "{5F703B70-C57A-401F-9BD3-369ED8F2D391}"
EndProject
Global
	GlobalSection(SolutionConfigurationPlatforms) = preSolution
		Debug|Any CPU = Debug|Any CPU
		Release|Any CPU = Release|Any CPU
	EndGlobalSection
	GlobalSection(ProjectConfigurationPlatforms) = postSolution
		{0BE3B91D-9406-4DFD-8785-34BA5DC6C5EA}.Debug|Any CPU.ActiveCfg = Debug|Any CPU
		{0BE3B91D-9406-4DFD-8785-34BA5DC6C5EA}.Debug|Any CPU.Build.0 = Debug|Any CPU
		{0BE3B91D-9406-4DFD-8785-34BA5DC6C5EA}.Release|Any CPU.ActiveCfg = Release|Any CPU
		{0BE3B91D-9406-4DFD-8785-34BA5DC6C5EA}.Release|Any CPU.Build.0 = Release|Any CPU
		{5FE9AFD3-8EAA-4225-8996-A8EAADA69D0E}.Debug|Any CPU.ActiveCfg = Debug|Any CPU
		{5FE9AFD3-8EAA-4225-8996-A8EAADA69D0E}.Debug|Any CPU.Build.0 = Debug|Any CPU
		{5FE9AFD3-8EAA-4225-8996-A8EAADA69D0E}.Release|Any CPU.ActiveCfg = Release|Any CPU
		{5FE9AFD3-8EAA-4225-8996-A8EAADA69D0E}.Release|Any CPU.Build.0 = Release|Any CPU
		{E4CBBC59-1B52-4B6B-9FEB-27BD810AA733}.Debug|Any CPU.ActiveCfg = Debug|Any CPU
		{E4CBBC59-1B52-4B6B-9FEB-27BD810AA733}.Debug|Any CPU.Build.0 = Debug|Any CPU
		{E4CBBC59-1B52-4B6B-9FEB-27BD810AA733}.Release|Any CPU.ActiveCfg = Release|Any CPU
		{E4CBBC59-1B52-4B6B-9FEB-27BD810AA733}.Release|Any CPU.Build.0 = Release|Any CPU
		{B15C40A1-7FD9-4E7A-8CDD-AE1BE0428D9E}.Debug|Any CPU.ActiveCfg = Debug|Any CPU
		{B15C40A1-7FD9-4E7A-8CDD-AE1BE0428D9E}.Debug|Any CPU.Build.0 = Debug|Any CPU
		{B15C40A1-7FD9-4E7A-8CDD-AE1BE0428D9E}.Release|Any CPU.ActiveCfg = Release|Any CPU
		{B15C40A1-7FD9-4E7A-8CDD-AE1BE0428D9E}.Release|Any CPU.Build.0 = Release|Any CPU
		{8E441571-45CB-4306-9790-C0E374F5D3D0}.Debug|Any CPU.ActiveCfg = Debug|Any CPU
		{8E441571-45CB-4306-9790-C0E374F5D3D0}.Debug|Any CPU.Build.0 = Debug|Any CPU
		{8E441571-45CB-4306-9790-C0E374F5D3D0}.Release|Any CPU.ActiveCfg = Release|Any CPU
		{8E441571-45CB-4306-9790-C0E374F5D3D0}.Release|Any CPU.Build.0 = Release|Any CPU
		{5F703B70-C57A-401F-9BD3-369ED8F2D391}.Debug|Any CPU.ActiveCfg = Debug|Any CPU
		{5F703B70-C57A-401F-9BD3-369ED8F2D391}.Debug|Any CPU.Build.0 = Debug|Any CPU
		{5F703B70-C57A-401F-9BD3-369ED8F2D391}.Release|Any CPU.ActiveCfg = Release|Any CPU
		{5F703B70-C57A-401F-9BD3-369ED8F2D391}.Release|Any CPU.Build.0 = Release|Any CPU
	EndGlobalSection
	GlobalSection(SolutionProperties) = preSolution
		HideSolutionNode = FALSE
	EndGlobalSection
	GlobalSection(ExtensibilityGlobals) = postSolution
		SolutionGuid = {4E9987BF-BEF6-4696-97B1-5C9D5F4EF162}
	EndGlobalSection
EndGlobal
